
Microsoft Visual Studio Solution File, Format Version 12.00
# Visual Studio 15
VisualStudioVersion = 15.0.27428.2037
MinimumVisualStudioVersion = 10.0.40219.1
Project("{FAE04EC0-301F-11D3-BF4B-00C04F79EFBC}") = "TonerCartridgeApp", "TonerCartridgeApp\TonerCartridgeApp.csproj", "{9F1DFA3D-107B-48D3-85D9-07CAD433BADA}"
EndProject
Global
	GlobalSection(SolutionConfigurationPlatforms) = preSolution
		Debug|Any CPU = Debug|Any CPU
		Release|Any CPU = Release|Any CPU
	EndGlobalSection
	GlobalSection(ProjectConfigurationPlatforms) = postSolution
		{9F1DFA3D-107B-48D3-85D9-07CAD433BADA}.Debug|Any CPU.ActiveCfg = Debug|Any CPU
		{9F1DFA3D-107B-48D3-85D9-07CAD433BADA}.Debug|Any CPU.Build.0 = Debug|Any CPU
		{9F1DFA3D-107B-48D3-85D9-07CAD433BADA}.Release|Any CPU.ActiveCfg = Release|Any CPU
		{9F1DFA3D-107B-48D3-85D9-07CAD433BADA}.Release|Any CPU.Build.0 = Release|Any CPU
	EndGlobalSection
	GlobalSection(SolutionProperties) = preSolution
		HideSolutionNode = FALSE
	EndGlobalSection
	GlobalSection(ExtensibilityGlobals) = postSolution
		SolutionGuid = {A0FE865B-759A-475A-8666-A1EF166E55F0}
	EndGlobalSection
EndGlobal
